
Microsoft Visual Studio Solution File, Format Version 12.00
# Visual Studio 11
Project("{FAE04EC0-301F-11D3-BF4B-00C04F79EFBC}") = "NewRelic.IgnoreTransactions", "NewRelic.IgnoreTransactions\NewRelic.IgnoreTransactions.csproj", "{49399EA5-9F10-49E0-A7A7-F498E1A09DF5}"
EndProject
Project("{2150E333-8FDC-42A3-9474-1A3956D46DE8}") = ".nuget", ".nuget", "{96EB81A4-AF09-486B-AD68-6995571788DD}"
	ProjectSection(SolutionItems) = preProject
		.nuget\NuGet.exe = .nuget\NuGet.exe
		.nuget\NuGet.targets = .nuget\NuGet.targets
	EndProjectSection
EndProject
Global
	GlobalSection(SolutionConfigurationPlatforms) = preSolution
		Debug|Any CPU = Debug|Any CPU
		Release|Any CPU = Release|Any CPU
	EndGlobalSection
	GlobalSection(ProjectConfigurationPlatforms) = postSolution
		{49399EA5-9F10-49E0-A7A7-F498E1A09DF5}.Debug|Any CPU.ActiveCfg = Debug|Any CPU
		{49399EA5-9F10-49E0-A7A7-F498E1A09DF5}.Debug|Any CPU.Build.0 = Debug|Any CPU
		{49399EA5-9F10-49E0-A7A7-F498E1A09DF5}.Release|Any CPU.ActiveCfg = Release|Any CPU
		{49399EA5-9F10-49E0-A7A7-F498E1A09DF5}.Release|Any CPU.Build.0 = Release|Any CPU
	EndGlobalSection
	GlobalSection(SolutionProperties) = preSolution
		HideSolutionNode = FALSE
	EndGlobalSection
EndGlobal
